
Microsoft Visual Studio Solution File, Format Version 12.00
# Visual Studio Version 17
VisualStudioVersion = 17.1.32319.34
MinimumVisualStudioVersion = 10.0.40219.1
Project("{FAE04EC0-301F-11D3-BF4B-00C04F79EFBC}") = "MP_OrderPlacement_Eurofins", "MP_OrderPlacement_Eurofins\MP_OrderPlacement_Eurofins.csproj", "{B1769ADC-2098-40A4-9E54-311972785C50}"
EndProject
Global
	GlobalSection(SolutionConfigurationPlatforms) = preSolution
		Debug|Any CPU = Debug|Any CPU
		Release|Any CPU = Release|Any CPU
	EndGlobalSection
	GlobalSection(ProjectConfigurationPlatforms) = postSolution
		{B1769ADC-2098-40A4-9E54-311972785C50}.Debug|Any CPU.ActiveCfg = Debug|Any CPU
		{B1769ADC-2098-40A4-9E54-311972785C50}.Debug|Any CPU.Build.0 = Debug|Any CPU
		{B1769ADC-2098-40A4-9E54-311972785C50}.Release|Any CPU.ActiveCfg = Release|Any CPU
		{B1769ADC-2098-40A4-9E54-311972785C50}.Release|Any CPU.Build.0 = Release|Any CPU
	EndGlobalSection
	GlobalSection(SolutionProperties) = preSolution
		HideSolutionNode = FALSE
	EndGlobalSection
	GlobalSection(ExtensibilityGlobals) = postSolution
		SolutionGuid = {D91FB9DC-476F-40EE-A196-409C69CC1B9F}
	EndGlobalSection
EndGlobal
